
Microsoft Visual Studio Solution File, Format Version 12.00
# Visual Studio Version 17
VisualStudioVersion = 17.4.33205.214
MinimumVisualStudioVersion = 10.0.40219.1
Project("{FAE04EC0-301F-11D3-BF4B-00C04F79EFBC}") = "CastafraySoundCatalog", "CastafraySoundCatalog.csproj", "{68D04A9C-F52C-46D7-B203-EF471E4C51DD}"
EndProject
Global
	GlobalSection(SolutionConfigurationPlatforms) = preSolution
		Debug|Any CPU = Debug|Any CPU
		Release|Any CPU = Release|Any CPU
	EndGlobalSection
	GlobalSection(ProjectConfigurationPlatforms) = postSolution
		{68D04A9C-F52C-46D7-B203-EF471E4C51DD}.Debug|Any CPU.ActiveCfg = Debug|Any CPU
		{68D04A9C-F52C-46D7-B203-EF471E4C51DD}.Debug|Any CPU.Build.0 = Debug|Any CPU
		{68D04A9C-F52C-46D7-B203-EF471E4C51DD}.Release|Any CPU.ActiveCfg = Release|Any CPU
		{68D04A9C-F52C-46D7-B203-EF471E4C51DD}.Release|Any CPU.Build.0 = Release|Any CPU
	EndGlobalSection
	GlobalSection(SolutionProperties) = preSolution
		HideSolutionNode = FALSE
	EndGlobalSection
	GlobalSection(ExtensibilityGlobals) = postSolution
		SolutionGuid = {D7A2D862-CC49-454E-8037-8570542236A6}
	EndGlobalSection
EndGlobal
